
Microsoft Visual Studio Solution File, Format Version 12.00
# Visual Studio Version 16
VisualStudioVersion = 16.0.29215.179
MinimumVisualStudioVersion = 10.0.40219.1
Project("{8BC9CEB8-8B4A-11D0-8D11-00A0C91BC942}") = "RunnerCC", "RunnerCC.vcxproj", "{C811DBB1-9E1F-4994-BFA9-274FD0902180}"
EndProject
Global
	GlobalSection(SolutionConfigurationPlatforms) = preSolution
		Debug|x64 = Debug|x64
		Debug|x86 = Debug|x86
		Release|x64 = Release|x64
		Release|x86 = Release|x86
	EndGlobalSection
	GlobalSection(ProjectConfigurationPlatforms) = postSolution
		{C811DBB1-9E1F-4994-BFA9-274FD0902180}.Debug|x64.ActiveCfg = Debug|x64
		{C811DBB1-9E1F-4994-BFA9-274FD0902180}.Debug|x64.Build.0 = Debug|x64
		{C811DBB1-9E1F-4994-BFA9-274FD0902180}.Debug|x86.ActiveCfg = Debug|Win32
		{C811DBB1-9E1F-4994-BFA9-274FD0902180}.Debug|x86.Build.0 = Debug|Win32
		{C811DBB1-9E1F-4994-BFA9-274FD0902180}.Release|x64.ActiveCfg = Release|x64
		{C811DBB1-9E1F-4994-BFA9-274FD0902180}.Release|x64.Build.0 = Release|x64
		{C811DBB1-9E1F-4994-BFA9-274FD0902180}.Release|x86.ActiveCfg = Release|Win32
		{C811DBB1-9E1F-4994-BFA9-274FD0902180}.Release|x86.Build.0 = Release|Win32
	EndGlobalSection
	GlobalSection(SolutionProperties) = preSolution
		HideSolutionNode = FALSE
	EndGlobalSection
	GlobalSection(ExtensibilityGlobals) = postSolution
		SolutionGuid = {04E7C4E7-D1CE-4E14-9C92-905E80879C37}
	EndGlobalSection
EndGlobal
